
Microsoft Visual Studio Solution File, Format Version 12.00
# Visual Studio Version 16
VisualStudioVersion = 16.0.29418.71
MinimumVisualStudioVersion = 10.0.40219.1
Project("{FAE04EC0-301F-11D3-BF4B-00C04F79EFBC}") = "Kotches", "Kotches.csproj", "{EA88E63C-C106-4AB8-8AFD-48A9E84F3A87}"
EndProject
Global
	GlobalSection(SolutionConfigurationPlatforms) = preSolution
		Debug|Any CPU = Debug|Any CPU
		Release|Any CPU = Release|Any CPU
	EndGlobalSection
	GlobalSection(ProjectConfigurationPlatforms) = postSolution
		{EA88E63C-C106-4AB8-8AFD-48A9E84F3A87}.Debug|Any CPU.ActiveCfg = Debug|Any CPU
		{EA88E63C-C106-4AB8-8AFD-48A9E84F3A87}.Debug|Any CPU.Build.0 = Debug|Any CPU
		{EA88E63C-C106-4AB8-8AFD-48A9E84F3A87}.Release|Any CPU.ActiveCfg = Release|Any CPU
		{EA88E63C-C106-4AB8-8AFD-48A9E84F3A87}.Release|Any CPU.Build.0 = Release|Any CPU
	EndGlobalSection
	GlobalSection(SolutionProperties) = preSolution
		HideSolutionNode = FALSE
	EndGlobalSection
	GlobalSection(ExtensibilityGlobals) = postSolution
		SolutionGuid = {A28312EB-80DB-46C8-BCE9-F9300FE1472E}
	EndGlobalSection
EndGlobal
